// !$*UTF8*$!
{
	archiveVersion = 1;
	classes = {
	};
	objectVersion = 56;
	objects = {

/* Begin PBXBuildFile section */
		12F43BDD2ADDFFD80089AB0E /* AppDelegate.swift in Sources */ = {isa = PBXBuildFile; fileRef = 12F43BDC2ADDFFD80089AB0E /* AppDelegate.swift */; };
		12F43BDF2ADDFFD80089AB0E /* SceneDelegate.swift in Sources */ = {isa = PBXBuildFile; fileRef = 12F43BDE2ADDFFD80089AB0E /* SceneDelegate.swift */; };
		12F43BE12ADDFFD80089AB0E /* ViewController.swift in Sources */ = {isa = PBXBuildFile; fileRef = 12F43BE02ADDFFD80089AB0E /* ViewController.swift */; };
		12F43BE42ADDFFD80089AB0E /* Main.storyboard in Resources */ = {isa = PBXBuildFile; fileRef = 12F43BE22ADDFFD80089AB0E /* Main.storyboard */; };
		12F43BE62ADDFFDA0089AB0E /* Assets.xcassets in Resources */ = {isa = PBXBuildFile; fileRef = 12F43BE52ADDFFDA0089AB0E /* Assets.xcassets */; };
		12F43BE92ADDFFDA0089AB0E /* LaunchScreen.storyboard in Resources */ = {isa = PBXBuildFile; fileRef = 12F43BE72ADDFFDA0089AB0E /* LaunchScreen.storyboard */; };
		12F43BF42ADE03B00089AB0E /* CoinModel.swift in Sources */ = {isa = PBXBuildFile; fileRef = 12F43BF32ADE03B00089AB0E /* CoinModel.swift */; };
		12F43BF62ADE06000089AB0E /* CurrentDataModel.swift in Sources */ = {isa = PBXBuildFile; fileRef = 12F43BF52ADE06000089AB0E /* CurrentDataModel.swift */; };
		12F43BF82ADE09240089AB0E /* MarketChartModel.swift in Sources */ = {isa = PBXBuildFile; fileRef = 12F43BF72ADE09240089AB0E /* MarketChartModel.swift */; };
		12F43BFB2ADE098B0089AB0E /* GraphicDataModel.swift in Sources */ = {isa = PBXBuildFile; fileRef = 12F43BFA2ADE098B0089AB0E /* GraphicDataModel.swift */; };
		12F43BFD2ADE0B3F0089AB0E /* GlobalModel.swift in Sources */ = {isa = PBXBuildFile; fileRef = 12F43BFC2ADE0B3F0089AB0E /* GlobalModel.swift */; };
		12F43C002ADE0B970089AB0E /* GenericDataProvider.swift in Sources */ = {isa = PBXBuildFile; fileRef = 12F43BFF2ADE0B970089AB0E /* GenericDataProvider.swift */; };
/* End PBXBuildFile section */

/* Begin PBXFileReference section */
		12F43BD92ADDFFD80089AB0E /* MarketCoins.app */ = {isa = PBXFileReference; explicitFileType = wrapper.application; includeInIndex = 0; path = MarketCoins.app; sourceTree = BUILT_PRODUCTS_DIR; };
		12F43BDC2ADDFFD80089AB0E /* AppDelegate.swift */ = {isa = PBXFileReference; lastKnownFileType = sourcecode.swift; path = AppDelegate.swift; sourceTree = "<group>"; };
		12F43BDE2ADDFFD80089AB0E /* SceneDelegate.swift */ = {isa = PBXFileReference; lastKnownFileType = sourcecode.swift; path = SceneDelegate.swift; sourceTree = "<group>"; };
		12F43BE02ADDFFD80089AB0E /* ViewController.swift */ = {isa = PBXFileReference; lastKnownFileType = sourcecode.swift; path = ViewController.swift; sourceTree = "<group>"; };
		12F43BE32ADDFFD80089AB0E /* Base */ = {isa = PBXFileReference; lastKnownFileType = file.storyboard; name = Base; path = Base.lproj/Main.storyboard; sourceTree = "<group>"; };
		12F43BE52ADDFFDA0089AB0E /* Assets.xcassets */ = {isa = PBXFileReference; lastKnownFileType = folder.assetcatalog; path = Assets.xcassets; sourceTree = "<group>"; };
		12F43BE82ADDFFDA0089AB0E /* Base */ = {isa = PBXFileReference; lastKnownFileType = file.storyboard; name = Base; path = Base.lproj/LaunchScreen.storyboard; sourceTree = "<group>"; };
		12F43BEA2ADDFFDA0089AB0E /* Info.plist */ = {isa = PBXFileReference; lastKnownFileType = text.plist.xml; path = Info.plist; sourceTree = "<group>"; };
		12F43BF32ADE03B00089AB0E /* CoinModel.swift */ = {isa = PBXFileReference; lastKnownFileType = sourcecode.swift; path = CoinModel.swift; sourceTree = "<group>"; };
		12F43BF52ADE06000089AB0E /* CurrentDataModel.swift */ = {isa = PBXFileReference; lastKnownFileType = sourcecode.swift; path = CurrentDataModel.swift; sourceTree = "<group>"; };
		12F43BF72ADE09240089AB0E /* MarketChartModel.swift */ = {isa = PBXFileReference; lastKnownFileType = sourcecode.swift; path = MarketChartModel.swift; sourceTree = "<group>"; };
		12F43BFA2ADE098B0089AB0E /* GraphicDataModel.swift */ = {isa = PBXFileReference; lastKnownFileType = sourcecode.swift; path = GraphicDataModel.swift; sourceTree = "<group>"; };
		12F43BFC2ADE0B3F0089AB0E /* GlobalModel.swift */ = {isa = PBXFileReference; lastKnownFileType = sourcecode.swift; path = GlobalModel.swift; sourceTree = "<group>"; };
		12F43BFF2ADE0B970089AB0E /* GenericDataProvider.swift */ = {isa = PBXFileReference; lastKnownFileType = sourcecode.swift; path = GenericDataProvider.swift; sourceTree = "<group>"; };
/* End PBXFileReference section */

/* Begin PBXFrameworksBuildPhase section */
		12F43BD62ADDFFD80089AB0E /* Frameworks */ = {
			isa = PBXFrameworksBuildPhase;
			buildActionMask = 2147483647;
			files = (
			);
			runOnlyForDeploymentPostprocessing = 0;
		};
/* End PBXFrameworksBuildPhase section */

/* Begin PBXGroup section */
		12F43BD02ADDFFD80089AB0E = {
			isa = PBXGroup;
			children = (
				12F43BF02ADE009C0089AB0E /* Domain */,
				12F43BDB2ADDFFD80089AB0E /* MarketCoins */,
				12F43BDA2ADDFFD80089AB0E /* Products */,
			);
			sourceTree = "<group>";
		};
		12F43BDA2ADDFFD80089AB0E /* Products */ = {
			isa = PBXGroup;
			children = (
				12F43BD92ADDFFD80089AB0E /* MarketCoins.app */,
			);
			name = Products;
			sourceTree = "<group>";
		};
		12F43BDB2ADDFFD80089AB0E /* MarketCoins */ = {
			isa = PBXGroup;
			children = (
				12F43BDC2ADDFFD80089AB0E /* AppDelegate.swift */,
				12F43BDE2ADDFFD80089AB0E /* SceneDelegate.swift */,
				12F43BE02ADDFFD80089AB0E /* ViewController.swift */,
				12F43BE22ADDFFD80089AB0E /* Main.storyboard */,
				12F43BE52ADDFFDA0089AB0E /* Assets.xcassets */,
				12F43BE72ADDFFDA0089AB0E /* LaunchScreen.storyboard */,
				12F43BEA2ADDFFDA0089AB0E /* Info.plist */,
			);
			path = MarketCoins;
			sourceTree = "<group>";
		};
		12F43BF02ADE009C0089AB0E /* Domain */ = {
			isa = PBXGroup;
			children = (
				12F43BF22ADE014B0089AB0E /* Models */,
				12F43BF12ADE012E0089AB0E /* DataProvider */,
			);
			path = Domain;
			sourceTree = "<group>";
		};
		12F43BF12ADE012E0089AB0E /* DataProvider */ = {
			isa = PBXGroup;
			children = (
				12F43BFE2ADE0B7D0089AB0E /* NetworkRepository */,
				12F43BFF2ADE0B970089AB0E /* GenericDataProvider.swift */,
			);
			path = DataProvider;
			sourceTree = "<group>";
		};
		12F43BF22ADE014B0089AB0E /* Models */ = {
			isa = PBXGroup;
			children = (
				12F43BF32ADE03B00089AB0E /* CoinModel.swift */,
				12F43BF52ADE06000089AB0E /* CurrentDataModel.swift */,
				12F43BF72ADE09240089AB0E /* MarketChartModel.swift */,
				12F43BFA2ADE098B0089AB0E /* GraphicDataModel.swift */,
				12F43BFC2ADE0B3F0089AB0E /* GlobalModel.swift */,
			);
			path = Models;
			sourceTree = "<group>";
		};
		12F43BFE2ADE0B7D0089AB0E /* NetworkRepository */ = {
			isa = PBXGroup;
			children = (
			);
			path = NetworkRepository;
			sourceTree = "<group>";
		};
/* End PBXGroup section */

/* Begin PBXNativeTarget section */
		12F43BD82ADDFFD80089AB0E /* MarketCoins */ = {
			isa = PBXNativeTarget;
			buildConfigurationList = 12F43BED2ADDFFDA0089AB0E /* Build configuration list for PBXNativeTarget "MarketCoins" */;
			buildPhases = (
				12F43BD52ADDFFD80089AB0E /* Sources */,
				12F43BD62ADDFFD80089AB0E /* Frameworks */,
				12F43BD72ADDFFD80089AB0E /* Resources */,
			);
			buildRules = (
			);
			dependencies = (
			);
			name = MarketCoins;
			productName = MarketCoins;
			productReference = 12F43BD92ADDFFD80089AB0E /* MarketCoins.app */;
			productType = "com.apple.product-type.application";
		};
/* End PBXNativeTarget section */

/* Begin PBXProject section */
		12F43BD12ADDFFD80089AB0E /* Project object */ = {
			isa = PBXProject;
			attributes = {
				BuildIndependentTargetsInParallel = 1;
				LastSwiftUpdateCheck = 1430;
				LastUpgradeCheck = 1430;
				TargetAttributes = {
					12F43BD82ADDFFD80089AB0E = {
						CreatedOnToolsVersion = 14.3.1;
					};
				};
			};
			buildConfigurationList = 12F43BD42ADDFFD80089AB0E /* Build configuration list for PBXProject "MarketCoins" */;
			compatibilityVersion = "Xcode 14.0";
			developmentRegion = en;
			hasScannedForEncodings = 0;
			knownRegions = (
				en,
				Base,
			);
			mainGroup = 12F43BD02ADDFFD80089AB0E;
			productRefGroup = 12F43BDA2ADDFFD80089AB0E /* Products */;
			projectDirPath = "";
			projectRoot = "";
			targets = (
				12F43BD82ADDFFD80089AB0E /* MarketCoins */,
			);
		};
/* End PBXProject section */

/* Begin PBXResourcesBuildPhase section */
		12F43BD72ADDFFD80089AB0E /* Resources */ = {
			isa = PBXResourcesBuildPhase;
			buildActionMask = 2147483647;
			files = (
				12F43BE92ADDFFDA0089AB0E /* LaunchScreen.storyboard in Resources */,
				12F43BE62ADDFFDA0089AB0E /* Assets.xcassets in Resources */,
				12F43BE42ADDFFD80089AB0E /* Main.storyboard in Resources */,
			);
			runOnlyForDeploymentPostprocessing = 0;
		};
/* End PBXResourcesBuildPhase section */

/* Begin PBXSourcesBuildPhase section */
		12F43BD52ADDFFD80089AB0E /* Sources */ = {
			isa = PBXSourcesBuildPhase;
			buildActionMask = 2147483647;
			files = (
				12F43BF82ADE09240089AB0E /* MarketChartModel.swift in Sources */,
				12F43BF42ADE03B00089AB0E /* CoinModel.swift in Sources */,
				12F43BFB2ADE098B0089AB0E /* GraphicDataModel.swift in Sources */,
				12F43BE12ADDFFD80089AB0E /* ViewController.swift in Sources */,
				12F43BDD2ADDFFD80089AB0E /* AppDelegate.swift in Sources */,
				12F43BF62ADE06000089AB0E /* CurrentDataModel.swift in Sources */,
				12F43BFD2ADE0B3F0089AB0E /* GlobalModel.swift in Sources */,
				12F43C002ADE0B970089AB0E /* GenericDataProvider.swift in Sources */,
				12F43BDF2ADDFFD80089AB0E /* SceneDelegate.swift in Sources */,
			);
			runOnlyForDeploymentPostprocessing = 0;
		};
/* End PBXSourcesBuildPhase section */

/* Begin PBXVariantGroup section */
		12F43BE22ADDFFD80089AB0E /* Main.storyboard */ = {
			isa = PBXVariantGroup;
			children = (
				12F43BE32ADDFFD80089AB0E /* Base */,
			);
			name = Main.storyboard;
			sourceTree = "<group>";
		};
		12F43BE72ADDFFDA0089AB0E /* LaunchScreen.storyboard */ = {
			isa = PBXVariantGroup;
			children = (
				12F43BE82ADDFFDA0089AB0E /* Base */,
			);
			name = LaunchScreen.storyboard;
			sourceTree = "<group>";
		};
/* End PBXVariantGroup section */

/* Begin XCBuildConfiguration section */
		12F43BEB2ADDFFDA0089AB0E /* Debug */ = {
			isa = XCBuildConfiguration;
			buildSettings = {
				ALWAYS_SEARCH_USER_PATHS = NO;
				CLANG_ANALYZER_NONNULL = YES;
				CLANG_ANALYZER_NUMBER_OBJECT_CONVERSION = YES_AGGRESSIVE;
				CLANG_CXX_LANGUAGE_STANDARD = "gnu++20";
				CLANG_ENABLE_MODULES = YES;
				CLANG_ENABLE_OBJC_ARC = YES;
				CLANG_ENABLE_OBJC_WEAK = YES;
				CLANG_WARN_BLOCK_CAPTURE_AUTORELEASING = YES;
				CLANG_WARN_BOOL_CONVERSION = YES;
				CLANG_WARN_COMMA = YES;
				CLANG_WARN_CONSTANT_CONVERSION = YES;
				CLANG_WARN_DEPRECATED_OBJC_IMPLEMENTATIONS = YES;
				CLANG_WARN_DIRECT_OBJC_ISA_USAGE = YES_ERROR;
				CLANG_WARN_DOCUMENTATION_COMMENTS = YES;
				CLANG_WARN_EMPTY_BODY = YES;
				CLANG_WARN_ENUM_CONVERSION = YES;
				CLANG_WARN_INFINITE_RECURSION = YES;
				CLANG_WARN_INT_CONVERSION = YES;
				CLANG_WARN_NON_LITERAL_NULL_CONVERSION = YES;
				CLANG_WARN_OBJC_IMPLICIT_RETAIN_SELF = YES;
				CLANG_WARN_OBJC_LITERAL_CONVERSION = YES;
				CLANG_WARN_OBJC_ROOT_CLASS = YES_ERROR;
				CLANG_WARN_QUOTED_INCLUDE_IN_FRAMEWORK_HEADER = YES;
				CLANG_WARN_RANGE_LOOP_ANALYSIS = YES;
				CLANG_WARN_STRICT_PROTOTYPES = YES;
				CLANG_WARN_SUSPICIOUS_MOVE = YES;
				CLANG_WARN_UNGUARDED_AVAILABILITY = YES_AGGRESSIVE;
				CLANG_WARN_UNREACHABLE_CODE = YES;
				CLANG_WARN__DUPLICATE_METHOD_MATCH = YES;
				COPY_PHASE_STRIP = NO;
				DEBUG_INFORMATION_FORMAT = dwarf;
				ENABLE_STRICT_OBJC_MSGSEND = YES;
				ENABLE_TESTABILITY = YES;
				GCC_C_LANGUAGE_STANDARD = gnu11;
				GCC_DYNAMIC_NO_PIC = NO;
				GCC_NO_COMMON_BLOCKS = YES;
				GCC_OPTIMIZATION_LEVEL = 0;
				GCC_PREPROCESSOR_DEFINITIONS = (
					"DEBUG=1",
					"$(inherited)",
				);
				GCC_WARN_64_TO_32_BIT_CONVERSION = YES;
				GCC_WARN_ABOUT_RETURN_TYPE = YES_ERROR;
				GCC_WARN_UNDECLARED_SELECTOR = YES;
				GCC_WARN_UNINITIALIZED_AUTOS = YES_AGGRESSIVE;
				GCC_WARN_UNUSED_FUNCTION = YES;
				GCC_WARN_UNUSED_VARIABLE = YES;
				IPHONEOS_DEPLOYMENT_TARGET = 16.4;
				MTL_ENABLE_DEBUG_INFO = INCLUDE_SOURCE;
				MTL_FAST_MATH = YES;
				ONLY_ACTIVE_ARCH = YES;
				SDKROOT = iphoneos;
				SWIFT_ACTIVE_COMPILATION_CONDITIONS = DEBUG;
				SWIFT_OPTIMIZATION_LEVEL = "-Onone";
			};
			name = Debug;
		};
		12F43BEC2ADDFFDA0089AB0E /* Release */ = {
			isa = XCBuildConfiguration;
			buildSettings = {
				ALWAYS_SEARCH_USER_PATHS = NO;
				CLANG_ANALYZER_NONNULL = YES;
				CLANG_ANALYZER_NUMBER_OBJECT_CONVERSION = YES_AGGRESSIVE;
				CLANG_CXX_LANGUAGE_STANDARD = "gnu++20";
				CLANG_ENABLE_MODULES = YES;
				CLANG_ENABLE_OBJC_ARC = YES;
				CLANG_ENABLE_OBJC_WEAK = YES;
				CLANG_WARN_BLOCK_CAPTURE_AUTORELEASING = YES;
				CLANG_WARN_BOOL_CONVERSION = YES;
				CLANG_WARN_COMMA = YES;
				CLANG_WARN_CONSTANT_CONVERSION = YES;
				CLANG_WARN_DEPRECATED_OBJC_IMPLEMENTATIONS = YES;
				CLANG_WARN_DIRECT_OBJC_ISA_USAGE = YES_ERROR;
				CLANG_WARN_DOCUMENTATION_COMMENTS = YES;
				CLANG_WARN_EMPTY_BODY = YES;
				CLANG_WARN_ENUM_CONVERSION = YES;
				CLANG_WARN_INFINITE_RECURSION = YES;
				CLANG_WARN_INT_CONVERSION = YES;
				CLANG_WARN_NON_LITERAL_NULL_CONVERSION = YES;
				CLANG_WARN_OBJC_IMPLICIT_RETAIN_SELF = YES;
				CLANG_WARN_OBJC_LITERAL_CONVERSION = YES;
				CLANG_WARN_OBJC_ROOT_CLASS = YES_ERROR;
				CLANG_WARN_QUOTED_INCLUDE_IN_FRAMEWORK_HEADER = YES;
				CLANG_WARN_RANGE_LOOP_ANALYSIS = YES;
				CLANG_WARN_STRICT_PROTOTYPES = YES;
				CLANG_WARN_SUSPICIOUS_MOVE = YES;
				CLANG_WARN_UNGUARDED_AVAILABILITY = YES_AGGRESSIVE;
				CLANG_WARN_UNREACHABLE_CODE = YES;
				CLANG_WARN__DUPLICATE_METHOD_MATCH = YES;
				COPY_PHASE_STRIP = NO;
				DEBUG_INFORMATION_FORMAT = "dwarf-with-dsym";
				ENABLE_NS_ASSERTIONS = NO;
				ENABLE_STRICT_OBJC_MSGSEND = YES;
				GCC_C_LANGUAGE_STANDARD = gnu11;
				GCC_NO_COMMON_BLOCKS = YES;
				GCC_WARN_64_TO_32_BIT_CONVERSION = YES;
				GCC_WARN_ABOUT_RETURN_TYPE = YES_ERROR;
				GCC_WARN_UNDECLARED_SELECTOR = YES;
				GCC_WARN_UNINITIALIZED_AUTOS = YES_AGGRESSIVE;
				GCC_WARN_UNUSED_FUNCTION = YES;
				GCC_WARN_UNUSED_VARIABLE = YES;
				IPHONEOS_DEPLOYMENT_TARGET = 16.4;
				MTL_ENABLE_DEBUG_INFO = NO;
				MTL_FAST_MATH = YES;
				SDKROOT = iphoneos;
				SWIFT_COMPILATION_MODE = wholemodule;
				SWIFT_OPTIMIZATION_LEVEL = "-O";
				VALIDATE_PRODUCT = YES;
			};
			name = Release;
		};
		12F43BEE2ADDFFDA0089AB0E /* Debug */ = {
			isa = XCBuildConfiguration;
			buildSettings = {
				ASSETCATALOG_COMPILER_APPICON_NAME = AppIcon;
				ASSETCATALOG_COMPILER_GLOBAL_ACCENT_COLOR_NAME = AccentColor;
				CODE_SIGN_STYLE = Automatic;
				CURRENT_PROJECT_VERSION = 1;
				GENERATE_INFOPLIST_FILE = YES;
				INFOPLIST_FILE = MarketCoins/Info.plist;
				INFOPLIST_KEY_LSApplicationCategoryType = "public.app-category.finance";
				INFOPLIST_KEY_UIApplicationSupportsIndirectInputEvents = YES;
				INFOPLIST_KEY_UILaunchStoryboardName = LaunchScreen;
				INFOPLIST_KEY_UIMainStoryboardFile = Main;
				INFOPLIST_KEY_UISupportedInterfaceOrientations = UIInterfaceOrientationPortrait;
				INFOPLIST_KEY_UISupportedInterfaceOrientations_iPad = "UIInterfaceOrientationLandscapeLeft UIInterfaceOrientationLandscapeRight UIInterfaceOrientationPortrait UIInterfaceOrientationPortraitUpsideDown";
				IPHONEOS_DEPLOYMENT_TARGET = 13.0;
				LD_RUNPATH_SEARCH_PATHS = (
					"$(inherited)",
					"@executable_path/Frameworks",
				);
				MARKETING_VERSION = 1.0;
				PRODUCT_BUNDLE_IDENTIFIER = dio.project.vip.MarketCoins;
				PRODUCT_NAME = "$(TARGET_NAME)";
				SUPPORTED_PLATFORMS = "iphoneos iphonesimulator";
				SUPPORTS_MACCATALYST = NO;
				SUPPORTS_MAC_DESIGNED_FOR_IPHONE_IPAD = NO;
				SWIFT_EMIT_LOC_STRINGS = YES;
				SWIFT_VERSION = 5.0;
				TARGETED_DEVICE_FAMILY = 1;
			};
			name = Debug;
		};
		12F43BEF2ADDFFDA0089AB0E /* Release */ = {
			isa = XCBuildConfiguration;
			buildSettings = {
				ASSETCATALOG_COMPILER_APPICON_NAME = AppIcon;
				ASSETCATALOG_COMPILER_GLOBAL_ACCENT_COLOR_NAME = AccentColor;
				CODE_SIGN_STYLE = Automatic;
				CURRENT_PROJECT_VERSION = 1;
				GENERATE_INFOPLIST_FILE = YES;
				INFOPLIST_FILE = MarketCoins/Info.plist;
				INFOPLIST_KEY_LSApplicationCategoryType = "public.app-category.finance";
				INFOPLIST_KEY_UIApplicationSupportsIndirectInputEvents = YES;
				INFOPLIST_KEY_UILaunchStoryboardName = LaunchScreen;
				INFOPLIST_KEY_UIMainStoryboardFile = Main;
				INFOPLIST_KEY_UISupportedInterfaceOrientations = UIInterfaceOrientationPortrait;
				INFOPLIST_KEY_UISupportedInterfaceOrientations_iPad = "UIInterfaceOrientationLandscapeLeft UIInterfaceOrientationLandscapeRight UIInterfaceOrientationPortrait UIInterfaceOrientationPortraitUpsideDown";
				IPHONEOS_DEPLOYMENT_TARGET = 13.0;
				LD_RUNPATH_SEARCH_PATHS = (
					"$(inherited)",
					"@executable_path/Frameworks",
				);
				MARKETING_VERSION = 1.0;
				PRODUCT_BUNDLE_IDENTIFIER = dio.project.vip.MarketCoins;
				PRODUCT_NAME = "$(TARGET_NAME)";
				SUPPORTED_PLATFORMS = "iphoneos iphonesimulator";
				SUPPORTS_MACCATALYST = NO;
				SUPPORTS_MAC_DESIGNED_FOR_IPHONE_IPAD = NO;
				SWIFT_EMIT_LOC_STRINGS = YES;
				SWIFT_VERSION = 5.0;
				TARGETED_DEVICE_FAMILY = 1;
			};
			name = Release;
		};
/* End XCBuildConfiguration section */

/* Begin XCConfigurationList section */
		12F43BD42ADDFFD80089AB0E /* Build configuration list for PBXProject "MarketCoins" */ = {
			isa = XCConfigurationList;
			buildConfigurations = (
				12F43BEB2ADDFFDA0089AB0E /* Debug */,
				12F43BEC2ADDFFDA0089AB0E /* Release */,
			);
			defaultConfigurationIsVisible = 0;
			defaultConfigurationName = Release;
		};
		12F43BED2ADDFFDA0089AB0E /* Build configuration list for PBXNativeTarget "MarketCoins" */ = {
			isa = XCConfigurationList;
			buildConfigurations = (
				12F43BEE2ADDFFDA0089AB0E /* Debug */,
				12F43BEF2ADDFFDA0089AB0E /* Release */,
			);
			defaultConfigurationIsVisible = 0;
			defaultConfigurationName = Release;
		};
/* End XCConfigurationList section */
	};
	rootObject = 12F43BD12ADDFFD80089AB0E /* Project object */;
}
